# This file is automatically @generated by Wally.
# It is not intended for manual editing.
registry = "test"

[[package]]
name = "kike/rojotemplate"
version = "0.1.0"
dependencies = [["signal", "stravant/goodsignal@0.2.1"], ["trove", "sleitnick/trove@0.5.0"]]

[[package]]
name = "sleitnick/trove"
version = "0.5.0"
dependencies = []

[[package]]
name = "stravant/goodsignal"
version = "0.2.1"
dependencies = []
